PODS:
  - Bolts (1.9.0):
    - Bolts/AppLinks (= 1.9.0)
    - Bolts/Tasks (= 1.9.0)
  - Bolts/AppLinks (1.9.0):
    - Bolts/Tasks
  - Bolts/Tasks (1.9.0)
  - Branch (0.27.1):
    - Branch/Core (= 0.27.1)
  - Branch/Core (0.27.1)
  - camera (0.0.1):
    - Flutter
  - CleverTap-iOS-SDK (3.6.0):
    - SDWebImage (~> 5.0)
  - clevertap_flutter (0.0.1):
    - CleverTap-iOS-SDK
    - Flutter
  - Crashlytics (3.13.4):
    - Fabric (~> 1.10.2)
  - Fabric (1.10.2)
  - FBSDKCoreKit (4.39.1):
    - Bolts (~> 1.9)
  - FBSDKLoginKit (4.39.1):
    - FBSDKCoreKit
  - Firebase/Analytics (6.5.0):
    - Firebase/Core
  - Firebase/Auth (6.5.0):
    - Firebase/CoreOnly
    - FirebaseAuth (~> 6.2.1)
  - Firebase/Core (6.5.0):
    - Firebase/CoreOnly
    - FirebaseAnalytics (= 6.0.4)
  - Firebase/CoreOnly (6.5.0):
    - FirebaseCore (= 6.1.0)
  - Firebase/Messaging (6.5.0):
    - Firebase/CoreOnly
    - FirebaseMessaging (~> 4.1.1)
  - firebase_analytics (0.0.1):
    - Firebase/Analytics (~> 6.0)
    - Firebase/Core
    - Flutter
  - firebase_auth (0.0.1):
    - Firebase/Auth (~> 6.0)
    - Firebase/Core
    - Flutter
  - firebase_core (0.0.1):
    - Firebase/Core
    - Flutter
  - firebase_crashlytics (0.0.1):
    - Crashlytics
    - Fabric
    - Firebase/Core
    - Flutter
  - firebase_messaging (0.0.1):
    - Firebase/Core
    - Firebase/Messaging
    - Flutter
  - FirebaseAnalytics (6.0.4):
    - FirebaseCore (~> 6.1)
    - FirebaseInstanceID (~> 4.2)
    - GoogleAppMeasurement (= 6.0.4)
    - GoogleUtilities/AppDelegateSwizzler (~> 6.0)
    - GoogleUtilities/MethodSwizzler (~> 6.0)
    - GoogleUtilities/Network (~> 6.0)
    - "GoogleUtilities/NSData+zlib (~> 6.0)"
    - nanopb (~> 0.3)
  - FirebaseAnalyticsInterop (1.2.0)
  - FirebaseAuth (6.2.1):
    - FirebaseAuthInterop (~> 1.0)
    - FirebaseCore (~> 6.0)
    - GoogleUtilities/AppDelegateSwizzler (~> 6.2)
    - GoogleUtilities/Environment (~> 6.2)
    - GTMSessionFetcher/Core (~> 1.1)
  - FirebaseAuthInterop (1.0.0)
  - FirebaseCore (6.1.0):
    - GoogleUtilities/Environment (~> 6.0)
    - GoogleUtilities/Logger (~> 6.0)
  - FirebaseInstanceID (4.2.2):
    - FirebaseCore (~> 6.0)
    - GoogleUtilities/Environment (~> 6.0)
    - GoogleUtilities/UserDefaults (~> 6.0)
  - FirebaseMessaging (4.1.1):
    - FirebaseAnalyticsInterop (~> 1.1)
    - FirebaseCore (~> 6.0)
    - FirebaseInstanceID (~> 4.1)
    - GoogleUtilities/AppDelegateSwizzler (~> 6.2)
    - GoogleUtilities/Environment (~> 6.2)
    - GoogleUtilities/Reachability (~> 6.2)
    - GoogleUtilities/UserDefaults (~> 6.2)
    - Protobuf (~> 3.1)
  - Flutter (1.0.0)
  - flutter_android_lifecycle (0.0.1):
    - Flutter
  - flutter_barcode_scanner (0.1.7):
    - Flutter
  - flutter_branch_io_plugin (0.0.1):
    - Branch
    - Flutter
  - flutter_facebook_login (0.0.1):
    - FBSDKCoreKit (= 4.39.1)
    - FBSDKLoginKit (= 4.39.1)
    - Flutter
  - flutter_keyboard_visibility (0.7.0):
    - Flutter
  - flutter_local_notifications (0.0.1):
    - Flutter
  - flutter_money_formatter (0.0.1):
    - Flutter
  - FMDB (2.7.5):
    - FMDB/standard (= 2.7.5)
  - FMDB/standard (2.7.5)
  - geocoder (0.0.1):
    - Flutter
  - google_places_picker (0.0.3):
    - Flutter
    - GoogleMaps (~> 2.7)
    - GooglePlacePicker (~> 2.7)
    - GooglePlaces (~> 2.7)
  - google_sign_in (0.0.1):
    - Flutter
    - GoogleSignIn (~> 4.0)
  - GoogleAppMeasurement (6.0.4):
    - GoogleUtilities/AppDelegateSwizzler (~> 6.0)
    - GoogleUtilities/MethodSwizzler (~> 6.0)
    - GoogleUtilities/Network (~> 6.0)
    - "GoogleUtilities/NSData+zlib (~> 6.0)"
    - nanopb (~> 0.3)
  - GoogleMaps (2.7.0):
    - GoogleMaps/Maps (= 2.7.0)
  - GoogleMaps/Base (2.7.0)
  - GoogleMaps/Maps (2.7.0):
    - GoogleMaps/Base
  - GooglePlacePicker (2.7.0):
    - GoogleMaps (= 2.7.0)
    - GooglePlaces (= 2.7.0)
  - GooglePlaces (2.7.0):
    - GoogleMaps/Base (= 2.7.0)
  - GoogleSignIn (4.4.0):
    - "GoogleToolboxForMac/NSDictionary+URLArguments (~> 2.1)"
    - "GoogleToolboxForMac/NSString+URLArguments (~> 2.1)"
    - GTMSessionFetcher/Core (~> 1.1)
  - GoogleToolboxForMac/DebugUtils (2.2.1):
    - GoogleToolboxForMac/Defines (= 2.2.1)
  - GoogleToolboxForMac/Defines (2.2.1)
  - "GoogleToolboxForMac/NSDictionary+URLArguments (2.2.1)":
    - GoogleToolboxForMac/DebugUtils (= 2.2.1)
    - GoogleToolboxForMac/Defines (= 2.2.1)
    - "GoogleToolboxForMac/NSString+URLArguments (= 2.2.1)"
  - "GoogleToolboxForMac/NSString+URLArguments (2.2.1)"
  - GoogleUtilities/AppDelegateSwizzler (6.2.3):
    - GoogleUtilities/Environment
    - GoogleUtilities/Logger
    - GoogleUtilities/Network
  - GoogleUtilities/Environment (6.2.3)
  - GoogleUtilities/Logger (6.2.3):
    - GoogleUtilities/Environment
  - GoogleUtilities/MethodSwizzler (6.2.3):
    - GoogleUtilities/Logger
  - GoogleUtilities/Network (6.2.3):
    - GoogleUtilities/Logger
    - "GoogleUtilities/NSData+zlib"
    - GoogleUtilities/Reachability
  - "GoogleUtilities/NSData+zlib (6.2.3)"
  - GoogleUtilities/Reachability (6.2.3):
    - GoogleUtilities/Logger
  - GoogleUtilities/UserDefaults (6.2.3):
    - GoogleUtilities/Logger
  - GTMSessionFetcher/Core (1.2.2)
  - image_cropper (0.0.1):
    - Flutter
    - TOCropViewController (~> 2.5.1)
  - image_picker (0.0.1):
    - Flutter
  - launch_review (0.0.1):
    - Flutter
  - location (0.0.1):
    - Flutter
  - nanopb (0.3.901):
    - nanopb/decode (= 0.3.901)
    - nanopb/encode (= 0.3.901)
  - nanopb/decode (0.3.901)
  - nanopb/encode (0.3.901)
  - package_info (0.0.1):
    - Flutter
  - path_provider (0.0.1):
    - Flutter
  - permission_handler (3.2.2):
    - Flutter
  - Protobuf (3.9.0)
  - screen (0.0.1):
    - Flutter
  - SDWebImage (5.0.6):
    - SDWebImage/Core (= 5.0.6)
  - SDWebImage/Core (5.0.6)
  - share (0.0.1):
    - Flutter
  - share_extend (0.0.1):
    - Flutter
  - shared_preferences (0.0.1):
    - Flutter
  - sqflite (0.0.1):
    - Flutter
    - FMDB (~> 2.7.2)
  - thumbnails (0.0.1):
    - Flutter
  - TOCropViewController (2.5.1)
  - url_launcher (0.0.1):
    - Flutter
  - video_player (0.0.1):
    - Flutter
  - webview_flutter (0.0.1):
    - Flutter

DEPENDENCIES:
  - Branch
  - camera (from `.symlinks/plugins/camera/ios`)
  - clevertap_flutter (from `.symlinks/plugins/clevertap_flutter/ios`)
  - FBSDKCoreKit (~> 4.39.1)
  - FBSDKLoginKit (~> 4.39.1)
  - firebase_analytics (from `.symlinks/plugins/firebase_analytics/ios`)
  - firebase_auth (from `.symlinks/plugins/firebase_auth/ios`)
  - firebase_core (from `.symlinks/plugins/firebase_core/ios`)
  - firebase_crashlytics (from `.symlinks/plugins/firebase_crashlytics/ios`)
  - firebase_messaging (from `.symlinks/plugins/firebase_messaging/ios`)
  - Flutter (from `.symlinks/flutter/ios`)
  - flutter_android_lifecycle (from `.symlinks/plugins/flutter_android_lifecycle/ios`)
  - flutter_barcode_scanner (from `.symlinks/plugins/flutter_barcode_scanner/ios`)
  - flutter_branch_io_plugin (from `.symlinks/plugins/flutter_branch_io_plugin/ios`)
  - flutter_facebook_login (from `.symlinks/plugins/flutter_facebook_login/ios`)
  - flutter_keyboard_visibility (from `.symlinks/plugins/flutter_keyboard_visibility/ios`)
  - flutter_local_notifications (from `.symlinks/plugins/flutter_local_notifications/ios`)
  - flutter_money_formatter (from `.symlinks/plugins/flutter_money_formatter/ios`)
  - geocoder (from `.symlinks/plugins/geocoder/ios`)
  - google_places_picker (from `.symlinks/plugins/google_places_picker/ios`)
  - google_sign_in (from `.symlinks/plugins/google_sign_in/ios`)
  - image_cropper (from `.symlinks/plugins/image_cropper/ios`)
  - image_picker (from `.symlinks/plugins/image_picker/ios`)
  - launch_review (from `.symlinks/plugins/launch_review/ios`)
  - location (from `.symlinks/plugins/location/ios`)
  - package_info (from `.symlinks/plugins/package_info/ios`)
  - path_provider (from `.symlinks/plugins/path_provider/ios`)
  - permission_handler (from `.symlinks/plugins/permission_handler/ios`)
  - screen (from `.symlinks/plugins/screen/ios`)
  - share (from `.symlinks/plugins/share/ios`)
  - share_extend (from `.symlinks/plugins/share_extend/ios`)
  - shared_preferences (from `.symlinks/plugins/shared_preferences/ios`)
  - sqflite (from `.symlinks/plugins/sqflite/ios`)
  - thumbnails (from `.symlinks/plugins/thumbnails/ios`)
  - url_launcher (from `.symlinks/plugins/url_launcher/ios`)
  - video_player (from `.symlinks/plugins/video_player/ios`)
  - webview_flutter (from `.symlinks/plugins/webview_flutter/ios`)

SPEC REPOS:
  https://github.com/cocoapods/specs.git:
    - Bolts
    - Branch
    - CleverTap-iOS-SDK
    - Crashlytics
    - Fabric
    - FBSDKCoreKit
    - FBSDKLoginKit
    - Firebase
    - FirebaseAnalytics
    - FirebaseAnalyticsInterop
    - FirebaseAuth
    - FirebaseAuthInterop
    - FirebaseCore
    - FirebaseInstanceID
    - FirebaseMessaging
    - FMDB
    - GoogleAppMeasurement
    - GoogleMaps
    - GooglePlacePicker
    - GooglePlaces
    - GoogleSignIn
    - GoogleToolboxForMac
    - GoogleUtilities
    - GTMSessionFetcher
    - nanopb
    - Protobuf
    - SDWebImage
    - TOCropViewController

EXTERNAL SOURCES:
  camera:
    :path: ".symlinks/plugins/camera/ios"
  clevertap_flutter:
    :path: ".symlinks/plugins/clevertap_flutter/ios"
  firebase_analytics:
    :path: ".symlinks/plugins/firebase_analytics/ios"
  firebase_auth:
    :path: ".symlinks/plugins/firebase_auth/ios"
  firebase_core:
    :path: ".symlinks/plugins/firebase_core/ios"
  firebase_crashlytics:
    :path: ".symlinks/plugins/firebase_crashlytics/ios"
  firebase_messaging:
    :path: ".symlinks/plugins/firebase_messaging/ios"
  Flutter:
    :path: ".symlinks/flutter/ios"
  flutter_android_lifecycle:
    :path: ".symlinks/plugins/flutter_android_lifecycle/ios"
  flutter_barcode_scanner:
    :path: ".symlinks/plugins/flutter_barcode_scanner/ios"
  flutter_branch_io_plugin:
    :path: ".symlinks/plugins/flutter_branch_io_plugin/ios"
  flutter_facebook_login:
    :path: ".symlinks/plugins/flutter_facebook_login/ios"
  flutter_keyboard_visibility:
    :path: ".symlinks/plugins/flutter_keyboard_visibility/ios"
  flutter_local_notifications:
    :path: ".symlinks/plugins/flutter_local_notifications/ios"
  flutter_money_formatter:
    :path: ".symlinks/plugins/flutter_money_formatter/ios"
  geocoder:
    :path: ".symlinks/plugins/geocoder/ios"
  google_places_picker:
    :path: ".symlinks/plugins/google_places_picker/ios"
  google_sign_in:
    :path: ".symlinks/plugins/google_sign_in/ios"
  image_cropper:
    :path: ".symlinks/plugins/image_cropper/ios"
  image_picker:
    :path: ".symlinks/plugins/image_picker/ios"
  launch_review:
    :path: ".symlinks/plugins/launch_review/ios"
  location:
    :path: ".symlinks/plugins/location/ios"
  package_info:
    :path: ".symlinks/plugins/package_info/ios"
  path_provider:
    :path: ".symlinks/plugins/path_provider/ios"
  permission_handler:
    :path: ".symlinks/plugins/permission_handler/ios"
  screen:
    :path: ".symlinks/plugins/screen/ios"
  share:
    :path: ".symlinks/plugins/share/ios"
  share_extend:
    :path: ".symlinks/plugins/share_extend/ios"
  shared_preferences:
    :path: ".symlinks/plugins/shared_preferences/ios"
  sqflite:
    :path: ".symlinks/plugins/sqflite/ios"
  thumbnails:
    :path: ".symlinks/plugins/thumbnails/ios"
  url_launcher:
    :path: ".symlinks/plugins/url_launcher/ios"
  video_player:
    :path: ".symlinks/plugins/video_player/ios"
  webview_flutter:
    :path: ".symlinks/plugins/webview_flutter/ios"

SPEC CHECKSUMS:
  Bolts: ac6567323eac61e203f6a9763667d0f711be34c8
  Branch: 1ace77c04b6e3efbf982bf4364f0662bfac156a0
  camera: 38cc83ae9a5667bb5a71c7d9edaf60a91920fd4e
  CleverTap-iOS-SDK: 664ae5dccfe2673c21a842b624f2558d34f76d14
  clevertap_flutter: a35b2b54bac7bcf5a743eeea3e385853fb374b75
  Crashlytics: 2dfd686bcb918dc10ee0e76f7f853fe42c7bd552
  Fabric: 706c8b8098fff96c33c0db69cbf81f9c551d0d74
  FBSDKCoreKit: f442aa96179cc9b382bb4abeb7e340a47cca8f91
  FBSDKLoginKit: c3079d9a4db27c492287b1eed7a4272b28cf8a59
  Firebase: dedc9e48ea3f3649ad5f6b982f8a0c73508a14b5
  firebase_analytics: 045e7ebe7b8a4d27357168072868ff082dca15a6
  firebase_auth: 00d6e1ab6d890cd6d3c624df61702e3a7072d1e3
  firebase_core: ae55ea92448ec8675d325da4db22cf3b4d58a54d
  firebase_crashlytics: 6b8e7358dbac1359c1e29e0796adf48eddef99c9
  firebase_messaging: acdcd2edbe7270bae6c3a93cf6c60e86538b3064
  FirebaseAnalytics: 3fb375bc9d13779add4039716f868d233a473fad
  FirebaseAnalyticsInterop: efbe45c8385ec626e29f9525e5ebd38520dfb6c1
  FirebaseAuth: a06ad63e9bf4c86165b54cceb1c14d4f4c38d419
  FirebaseAuthInterop: 0ffa57668be100582bb7643d4fcb7615496c41fc
  FirebaseCore: aecf02fb2274ec361b9bebeac112f5daa18273bd
  FirebaseInstanceID: 662b8108a09fe9ed01aafdedba100fde8536b0f6
  FirebaseMessaging: 6bb0bdaf64c55fef7a219b7bb1e94e94a0855ced
  Flutter: 0e3d915762c693b495b44d77113d4970485de6ec
  flutter_android_lifecycle: 0ea4104ce1dd692e456ec460b82221986482fa24
  flutter_barcode_scanner: b3d8246e13f26f9a1ed686c4e7e4cd0893d58eb4
  flutter_branch_io_plugin: 07390ff005e059dd45cf144c03d1ee781a106020
  flutter_facebook_login: be61e24a4b7d621515353c6b4583d1981bdaa3d6
  flutter_keyboard_visibility: 6195387fb6d8f46e5cd6dda4a4154e41f800f545
  flutter_local_notifications: 9e4738ce2471c5af910d961a6b7eadcf57c50186
  flutter_money_formatter: d0d18ddc5be333fad8d09964d741b59fa11a91dc
  FMDB: 2ce00b547f966261cd18927a3ddb07cb6f3db82a
  geocoder: 3cfab70531a0b367e917bafe82df4c30f6d4c45a
  google_places_picker: 03d33817a6997c04308b98d62c1e198608522730
  google_sign_in: 27e70a98b529f0b076d4b19f231b81da28b1750b
  GoogleAppMeasurement: 183bd916af7f80deb67c01888368f1108d641832
  GoogleMaps: f79af95cb24d869457b1f961c93d3ce8b2f3b848
  GooglePlacePicker: 59ea44db173c58486ad6123993e81feefcbce9c3
  GooglePlaces: 3d06e6c99654545b4738ce49648745779c25f2ef
  GoogleSignIn: 7ff245e1a7b26d379099d3243a562f5747e23d39
  GoogleToolboxForMac: b3553629623a3b1bff17f555e736cd5a6d95ad55
  GoogleUtilities: d2b0e277a95962e09bb27f5cd42f5f0b6a506c7d
  GTMSessionFetcher: 61bb0f61a4cb560030f1222021178008a5727a23
  image_cropper: 966bf742cd9cee8d78010ec5c67dd9e7826e6b19
  image_picker: e3eacd46b94694dde7cf2705955cece853aa1a8f
  launch_review: 75d5a956ba8eaa493e9c9d4bf4c05e505e8d5ed0
  location: 3a2eed4dd2fab25e7b7baf2a9efefe82b512d740
  nanopb: 2901f78ea1b7b4015c860c2fdd1ea2fee1a18d48
  package_info: 78cabb3c322943c55d39676f4a5bfc748c01d055
  path_provider: f96fff6166a8867510d2c25fdcc346327cc4b259
  permission_handler: d59f41439f5bc6c4d1005f3355e98f05ddc68ece
  Protobuf: 1097ca58584c8d9be81bfbf2c5ff5975648dd87a
  screen: abd91ca7bf3426e1cc3646d27e9b2358d6bf07b0
  SDWebImage: 920f1a2ff1ca8296ad34f6e0510a1ef1d70ac965
  share: ee3d34d3969ad17fc3043eab552e4f082aacfed1
  share_extend: b6748dc53695587891126a89533b862b92548c7b
  shared_preferences: 1feebfa37bb57264736e16865e7ffae7fc99b523
  sqflite: ff1d9da63c06588cc8d1faf7256d741f16989d5a
  thumbnails: bb4f4e9bb4b51c8ae4e6ad9a2fa81373f9b634ad
  TOCropViewController: 00dc36c4e4a0f4a45efa91adbf22df8a4fae01d3
  url_launcher: a1c0cc845906122c4784c542523d8cacbded5626
  video_player: 3964090a33353060ed7f58aa6427c7b4b208ec21
  webview_flutter: db3aba222b23e4dc432e0c5882834123dc50ff9f

PODFILE CHECKSUM: f8a0226f8c438acd8d440c95d894abe93561d619

COCOAPODS: 1.6.1
